{
  "name": "fly-monitor",
  "version": "1.0.0",
  "lockfileVersion": 3,
  "requires": true,
  "packages": {
    "": {
      "name": "fly-monitor",
      "version": "1.0.0",
      "license": "ISC",
      "devDependencies": {
        "user-agent": "^1.0.4"
      }
    },
    "node_modules/user-agent": {
      "version": "1.0.4",
      "resolved": "https://registry.npmjs.org/user-agent/-/user-agent-1.0.4.tgz",
      "integrity": "sha512-NPTnJ89e6ttUK+Q3ZQ6aMFo4+4HAdvsb39IypyRw/bPjE/F8TjeVpB8uqFPnUCVbI6247qPryd8OLpkEYuOwWg==",
      "dev": true,
      "engines": {
        "node": "*"
      }
    }
  }
}
